{
  "name": "qdeepmemoizedonce",
  "version": "1.0.0",
  "lockfileVersion": 1,
  "requires": true,
  "dependencies": {
    "qclone": {
      "version": "1.0.4",
      "resolved": "https://registry.npmjs.org/qclone/-/qclone-1.0.4.tgz",
      "integrity": "sha512-PJerDoeC0mU6WCBfshfgu6oYPju7CDHlvF/7tt/ZVN37L04nZ0zZSgs0Ds3QyX7psfPA91DvkTR80WTW79Uy+Q=="
    },
    "qcompare": {
      "version": "1.0.12",
      "resolved": "https://registry.npmjs.org/qcompare/-/qcompare-1.0.12.tgz",
      "integrity": "sha512-ykXzOqb1H+8x2ehg4mpq1+DLbyBDPyHmxWQPkrdsvGGEvjiBBQu23T671n3dKH0PtxfnIzmqY+C6UZjplQ4nuA=="
    }
  }
}
